
Microsoft Visual Studio Solution File, Format Version 12.00
# Visual Studio 15
VisualStudioVersion = 15.0.26124.0
MinimumVisualStudioVersion = 15.0.26124.0
Project("{FAE04EC0-301F-11D3-BF4B-00C04F79EFBC}") = "WildBillPnw.SelahCreek.Tests", "WildBillPnw.SelahCreek.Tests\WildBillPnw.SelahCreek.Tests.csproj", "{C2372308-3409-4DD0-9AE2-2C5189809630}"
EndProject
Project("{FAE04EC0-301F-11D3-BF4B-00C04F79EFBC}") = "WildBillPnw.SelahCreek.Models", "WildBillPnw.SelahCreek.Models\WildBillPnw.SelahCreek.Models.csproj", "{613F867A-9BBA-4BD9-812D-5C23D683ADA8}"
EndProject
Project("{FAE04EC0-301F-11D3-BF4B-00C04F79EFBC}") = "WildBillPnw.SelahCreek.Profiles", "WildBillPnw.SelahCreek.Profiles\WildBillPnw.SelahCreek.Profiles.csproj", "{FA8F7DFD-EAB7-4C75-A3CE-B23AA38860BC}"
EndProject
Project("{FAE04EC0-301F-11D3-BF4B-00C04F79EFBC}") = "WildBillPnw.SelahCreek.Api", "WildBillPnw.SelahCreek.Api\WildBillPnw.SelahCreek.Api.csproj", "{FF78CF80-3E7E-4381-8ED0-C99425A0D417}"
EndProject
Global
	GlobalSection(SolutionConfigurationPlatforms) = preSolution
		Debug|Any CPU = Debug|Any CPU
		Debug|x64 = Debug|x64
		Debug|x86 = Debug|x86
		Release|Any CPU = Release|Any CPU
		Release|x64 = Release|x64
		Release|x86 = Release|x86
	EndGlobalSection
	GlobalSection(SolutionProperties) = preSolution
		HideSolutionNode = FALSE
	EndGlobalSection
	GlobalSection(ProjectConfigurationPlatforms) = postSolution
		{C2372308-3409-4DD0-9AE2-2C5189809630}.Debug|Any CPU.ActiveCfg = Debug|Any CPU
		{C2372308-3409-4DD0-9AE2-2C5189809630}.Debug|Any CPU.Build.0 = Debug|Any CPU
		{C2372308-3409-4DD0-9AE2-2C5189809630}.Debug|x64.ActiveCfg = Debug|Any CPU
		{C2372308-3409-4DD0-9AE2-2C5189809630}.Debug|x64.Build.0 = Debug|Any CPU
		{C2372308-3409-4DD0-9AE2-2C5189809630}.Debug|x86.ActiveCfg = Debug|Any CPU
		{C2372308-3409-4DD0-9AE2-2C5189809630}.Debug|x86.Build.0 = Debug|Any CPU
		{C2372308-3409-4DD0-9AE2-2C5189809630}.Release|Any CPU.ActiveCfg = Release|Any CPU
		{C2372308-3409-4DD0-9AE2-2C5189809630}.Release|Any CPU.Build.0 = Release|Any CPU
		{C2372308-3409-4DD0-9AE2-2C5189809630}.Release|x64.ActiveCfg = Release|Any CPU
		{C2372308-3409-4DD0-9AE2-2C5189809630}.Release|x64.Build.0 = Release|Any CPU
		{C2372308-3409-4DD0-9AE2-2C5189809630}.Release|x86.ActiveCfg = Release|Any CPU
		{C2372308-3409-4DD0-9AE2-2C5189809630}.Release|x86.Build.0 = Release|Any CPU
		{613F867A-9BBA-4BD9-812D-5C23D683ADA8}.Debug|Any CPU.ActiveCfg = Debug|Any CPU
		{613F867A-9BBA-4BD9-812D-5C23D683ADA8}.Debug|Any CPU.Build.0 = Debug|Any CPU
		{613F867A-9BBA-4BD9-812D-5C23D683ADA8}.Debug|x64.ActiveCfg = Debug|Any CPU
		{613F867A-9BBA-4BD9-812D-5C23D683ADA8}.Debug|x64.Build.0 = Debug|Any CPU
		{613F867A-9BBA-4BD9-812D-5C23D683ADA8}.Debug|x86.ActiveCfg = Debug|Any CPU
		{613F867A-9BBA-4BD9-812D-5C23D683ADA8}.Debug|x86.Build.0 = Debug|Any CPU
		{613F867A-9BBA-4BD9-812D-5C23D683ADA8}.Release|Any CPU.ActiveCfg = Release|Any CPU
		{613F867A-9BBA-4BD9-812D-5C23D683ADA8}.Release|Any CPU.Build.0 = Release|Any CPU
		{613F867A-9BBA-4BD9-812D-5C23D683ADA8}.Release|x64.ActiveCfg = Release|Any CPU
		{613F867A-9BBA-4BD9-812D-5C23D683ADA8}.Release|x64.Build.0 = Release|Any CPU
		{613F867A-9BBA-4BD9-812D-5C23D683ADA8}.Release|x86.ActiveCfg = Release|Any CPU
		{613F867A-9BBA-4BD9-812D-5C23D683ADA8}.Release|x86.Build.0 = Release|Any CPU
		{FA8F7DFD-EAB7-4C75-A3CE-B23AA38860BC}.Debug|Any CPU.ActiveCfg = Debug|Any CPU
		{FA8F7DFD-EAB7-4C75-A3CE-B23AA38860BC}.Debug|Any CPU.Build.0 = Debug|Any CPU
		{FA8F7DFD-EAB7-4C75-A3CE-B23AA38860BC}.Debug|x64.ActiveCfg = Debug|Any CPU
		{FA8F7DFD-EAB7-4C75-A3CE-B23AA38860BC}.Debug|x64.Build.0 = Debug|Any CPU
		{FA8F7DFD-EAB7-4C75-A3CE-B23AA38860BC}.Debug|x86.ActiveCfg = Debug|Any CPU
		{FA8F7DFD-EAB7-4C75-A3CE-B23AA38860BC}.Debug|x86.Build.0 = Debug|Any CPU
		{FA8F7DFD-EAB7-4C75-A3CE-B23AA38860BC}.Release|Any CPU.ActiveCfg = Release|Any CPU
		{FA8F7DFD-EAB7-4C75-A3CE-B23AA38860BC}.Release|Any CPU.Build.0 = Release|Any CPU
		{FA8F7DFD-EAB7-4C75-A3CE-B23AA38860BC}.Release|x64.ActiveCfg = Release|Any CPU
		{FA8F7DFD-EAB7-4C75-A3CE-B23AA38860BC}.Release|x64.Build.0 = Release|Any CPU
		{FA8F7DFD-EAB7-4C75-A3CE-B23AA38860BC}.Release|x86.ActiveCfg = Release|Any CPU
		{FA8F7DFD-EAB7-4C75-A3CE-B23AA38860BC}.Release|x86.Build.0 = Release|Any CPU
		{FF78CF80-3E7E-4381-8ED0-C99425A0D417}.Debug|Any CPU.ActiveCfg = Debug|Any CPU
		{FF78CF80-3E7E-4381-8ED0-C99425A0D417}.Debug|Any CPU.Build.0 = Debug|Any CPU
		{FF78CF80-3E7E-4381-8ED0-C99425A0D417}.Debug|x64.ActiveCfg = Debug|Any CPU
		{FF78CF80-3E7E-4381-8ED0-C99425A0D417}.Debug|x64.Build.0 = Debug|Any CPU
		{FF78CF80-3E7E-4381-8ED0-C99425A0D417}.Debug|x86.ActiveCfg = Debug|Any CPU
		{FF78CF80-3E7E-4381-8ED0-C99425A0D417}.Debug|x86.Build.0 = Debug|Any CPU
		{FF78CF80-3E7E-4381-8ED0-C99425A0D417}.Release|Any CPU.ActiveCfg = Release|Any CPU
		{FF78CF80-3E7E-4381-8ED0-C99425A0D417}.Release|Any CPU.Build.0 = Release|Any CPU
		{FF78CF80-3E7E-4381-8ED0-C99425A0D417}.Release|x64.ActiveCfg = Release|Any CPU
		{FF78CF80-3E7E-4381-8ED0-C99425A0D417}.Release|x64.Build.0 = Release|Any CPU
		{FF78CF80-3E7E-4381-8ED0-C99425A0D417}.Release|x86.ActiveCfg = Release|Any CPU
		{FF78CF80-3E7E-4381-8ED0-C99425A0D417}.Release|x86.Build.0 = Release|Any CPU
	EndGlobalSection
EndGlobal
